
Microsoft Visual Studio Solution File, Format Version 12.00
# Visual Studio Version 16
VisualStudioVersion = 16.0.29326.143
MinimumVisualStudioVersion = 10.0.40219.1
Project("{FAE04EC0-301F-11D3-BF4B-00C04F79EFBC}") = "TestTask_Kosta", "TestTask_Kosta\TestTask_Kosta.csproj", "{14D5C32D-83E8-4CFE-929E-197FFA79804D}"
EndProject
Global
	GlobalSection(SolutionConfigurationPlatforms) = preSolution
		Debug|Any CPU = Debug|Any CPU
		Release|Any CPU = Release|Any CPU
	EndGlobalSection
	GlobalSection(ProjectConfigurationPlatforms) = postSolution
		{14D5C32D-83E8-4CFE-929E-197FFA79804D}.Debug|Any CPU.ActiveCfg = Debug|Any CPU
		{14D5C32D-83E8-4CFE-929E-197FFA79804D}.Debug|Any CPU.Build.0 = Debug|Any CPU
		{14D5C32D-83E8-4CFE-929E-197FFA79804D}.Release|Any CPU.ActiveCfg = Release|Any CPU
		{14D5C32D-83E8-4CFE-929E-197FFA79804D}.Release|Any CPU.Build.0 = Release|Any CPU
	EndGlobalSection
	GlobalSection(SolutionProperties) = preSolution
		HideSolutionNode = FALSE
	EndGlobalSection
	GlobalSection(ExtensibilityGlobals) = postSolution
		SolutionGuid = {846E075D-7FDE-4532-9F90-750E10999147}
	EndGlobalSection
EndGlobal
